# This file is automatically @generated by Cargo.
# It is not intended for manual editing.
version = 3

[[package]]
name = "parsely"
version = "0.1.0"
dependencies = [
 "parsely-lexer",
 "parsely-parser",
]

[[package]]
name = "parsely-lexer"
version = "0.1.0"
dependencies = [
 "parsely-macros",
]

[[package]]
name = "parsely-macros"
version = "0.1.0"

[[package]]
name = "parsely-parser"
version = "0.1.0"
dependencies = [
 "parsely-lexer",
]
